
Microsoft Visual Studio Solution File, Format Version 12.00
# Visual Studio Version 17
VisualStudioVersion = 17.8.34316.72
MinimumVisualStudioVersion = 10.0.40219.1
Project("{FAE04EC0-301F-11D3-BF4B-00C04F79EFBC}") = "ModulR.Api", "src\ModulR.Api\ModulR.Api.csproj", "{9AEB5BC1-A174-40BC-B701-B3E1F431018F}"
EndProject
Global
	GlobalSection(SolutionConfigurationPlatforms) = preSolution
		Debug|Any CPU = Debug|Any CPU
		Release|Any CPU = Release|Any CPU
	EndGlobalSection
	GlobalSection(ProjectConfigurationPlatforms) = postSolution
		{9AEB5BC1-A174-40BC-B701-B3E1F431018F}.Debug|Any CPU.ActiveCfg = Debug|Any CPU
		{9AEB5BC1-A174-40BC-B701-B3E1F431018F}.Debug|Any CPU.Build.0 = Debug|Any CPU
		{9AEB5BC1-A174-40BC-B701-B3E1F431018F}.Release|Any CPU.ActiveCfg = Release|Any CPU
		{9AEB5BC1-A174-40BC-B701-B3E1F431018F}.Release|Any CPU.Build.0 = Release|Any CPU
	EndGlobalSection
	GlobalSection(SolutionProperties) = preSolution
		HideSolutionNode = FALSE
	EndGlobalSection
	GlobalSection(ExtensibilityGlobals) = postSolution
		SolutionGuid = {2ABF6FE3-AEEC-42C3-8B88-92ECE5F234C7}
	EndGlobalSection
EndGlobal
